
Microsoft Visual Studio Solution File, Format Version 12.00
# Visual Studio 14
VisualStudioVersion = 14.0.25420.1
MinimumVisualStudioVersion = 10.0.40219.1
Project("{FAE04EC0-301F-11D3-BF4B-00C04F79EFBC}") = "Crown01", "Crown01\Crown01.csproj", "{AA408249-F62A-4373-8DED-95340724ED50}"
EndProject
Project("{151D2E53-A2C4-4D7D-83FE-D05416EBD58E}") = "IaCrown", "IaCrown\IaCrown.deployproj", "{F7AACF90-D664-441C-990F-25439FE8C531}"
EndProject
Global
	GlobalSection(SolutionConfigurationPlatforms) = preSolution
		Debug|Any CPU = Debug|Any CPU
		Release|Any CPU = Release|Any CPU
	EndGlobalSection
	GlobalSection(ProjectConfigurationPlatforms) = postSolution
		{AA408249-F62A-4373-8DED-95340724ED50}.Debug|Any CPU.ActiveCfg = Debug|Any CPU
		{AA408249-F62A-4373-8DED-95340724ED50}.Debug|Any CPU.Build.0 = Debug|Any CPU
		{AA408249-F62A-4373-8DED-95340724ED50}.Release|Any CPU.ActiveCfg = Release|Any CPU
		{AA408249-F62A-4373-8DED-95340724ED50}.Release|Any CPU.Build.0 = Release|Any CPU
		{F7AACF90-D664-441C-990F-25439FE8C531}.Debug|Any CPU.ActiveCfg = Debug|Any CPU
		{F7AACF90-D664-441C-990F-25439FE8C531}.Debug|Any CPU.Build.0 = Debug|Any CPU
		{F7AACF90-D664-441C-990F-25439FE8C531}.Release|Any CPU.ActiveCfg = Release|Any CPU
		{F7AACF90-D664-441C-990F-25439FE8C531}.Release|Any CPU.Build.0 = Release|Any CPU
	EndGlobalSection
	GlobalSection(SolutionProperties) = preSolution
		HideSolutionNode = FALSE
	EndGlobalSection
EndGlobal
